// !$*UTF8*$!
{
	archiveVersion = 1;
	classes = {
	};
	objectVersion = 77;
	objects = {

/* Begin PBXBuildFile section */
		3AD3EC602F787163000DA017 /* WaitDesk-clip.app in Embed App Clips */ = {isa = PBXBuildFile; fileRef = 3AD3EC542F787162000DA017 /* WaitDesk-clip.app */; settings = {ATTRIBUTES = (RemoveHeadersOnCopy, ); }; };
		3AD3EC692F787164000DA017 /* Supabase in Frameworks */ = {isa = PBXBuildFile; productRef = 3AD3EC672F787164000DA017 /* Supabase */; };
		3AD3EC6A2F787164000DA017 /* Auth in Frameworks */ = {isa = PBXBuildFile; productRef = 3AD3EC682F787164000DA017 /* Auth */; };
		3AD3EC6B2F787164000DA017 /* Supabase in Frameworks */ = {isa = PBXBuildFile; productRef = 3AD3EC6D2F787164000DA017 /* Supabase */; };
		3AD3EC6C2F787164000DA017 /* Auth in Frameworks */ = {isa = PBXBuildFile; productRef = 3AD3EC6E2F787164000DA017 /* Auth */; };
		3AFC22FB2F7C6FF6001581D1 /* FirebaseCore in Frameworks */ = {isa = PBXBuildFile; productRef = 3AFC22FA2F7C6FF6001581D1 /* FirebaseCore */; };
		3AFC22FD2F7C6FFF001581D1 /* FirebaseMessaging in Frameworks */ = {isa = PBXBuildFile; productRef = 3AFC22FC2F7C6FFF001581D1 /* FirebaseMessaging */; };
		3AFC22FF2F7C701B001581D1 /* FirebaseCore in Frameworks */ = {isa = PBXBuildFile; productRef = 3AFC22FE2F7C701B001581D1 /* FirebaseCore */; };
		3AFC23012F7C7027001581D1 /* FirebaseMessaging in Frameworks */ = {isa = PBXBuildFile; productRef = 3AFC23002F7C7027001581D1 /* FirebaseMessaging */; };
/* End PBXBuildFile section */

/* Begin PBXContainerItemProxy section */
		3AD3EC5E2F787163000DA017 /* PBXContainerItemProxy */ = {
			isa = PBXContainerItemProxy;
			containerPortal = 3AD3EC3A2F787115000DA017 /* Project object */;
			proxyType = 1;
			remoteGlobalIDString = 3AD3EC532F787162000DA017;
			remoteInfo = "WaitDesk-clip";
		};
/* End PBXContainerItemProxy section */

/* Begin PBXCopyFilesBuildPhase section */
		3AD3EC652F787163000DA017 /* Embed App Clips */ = {
			isa = PBXCopyFilesBuildPhase;
			buildActionMask = 2147483647;
			dstPath = "$(CONTENTS_FOLDER_PATH)/AppClips";
			dstSubfolderSpec = 16;
			files = (
				3AD3EC602F787163000DA017 /* WaitDesk-clip.app in Embed App Clips */,
			);
			name = "Embed App Clips";
			runOnlyForDeploymentPostprocessing = 0;
		};
/* End PBXCopyFilesBuildPhase section */

/* Begin PBXFileReference section */
		3AD3EC422F787115000DA017 /* WaitDesk-guests.app */ = {isa = PBXFileReference; explicitFileType = wrapper.application; includeInIndex = 0; path = "WaitDesk-guests.app"; sourceTree = BUILT_PRODUCTS_DIR; };
		3AD3EC542F787162000DA017 /* WaitDesk-clip.app */ = {isa = PBXFileReference; explicitFileType = wrapper.application; includeInIndex = 0; path = "WaitDesk-clip.app"; sourceTree = BUILT_PRODUCTS_DIR; };
/* End PBXFileReference section */

/* Begin PBXFileSystemSynchronizedBuildFileExceptionSet section */
		3A77B9692F7D53AB00DB9587 /* Exceptions for "WaitDesk-guests" folder in "WaitDesk-guests" target */ = {
			isa = PBXFileSystemSynchronizedBuildFileExceptionSet;
			membershipExceptions = (
				Info.plist,
			);
			target = 3AD3EC412F787115000DA017 /* WaitDesk-guests */;
		};
		3ACC5A202F7B075C00D53553 /* Exceptions for "Shared" folder in "WaitDesk-guests" target */ = {
			isa = PBXFileSystemSynchronizedBuildFileExceptionSet;
			membershipExceptions = (
				FirebaseMessagingClient.swift,
				StatusView.swift,
				SupabaseConfig.swift,
			);
			target = 3AD3EC412F787115000DA017 /* WaitDesk-guests */;
		};
		3AD3EC612F787163000DA017 /* Exceptions for "WaitDesk-clip" folder in "WaitDesk-clip" target */ = {
			isa = PBXFileSystemSynchronizedBuildFileExceptionSet;
			membershipExceptions = (
				Info.plist,
			);
			target = 3AD3EC532F787162000DA017 /* WaitDesk-clip */;
		};
/* End PBXFileSystemSynchronizedBuildFileExceptionSet section */

/* Begin PBXFileSystemSynchronizedRootGroup section */
		3ACC5A1E2F7B06D600D53553 /* Shared */ = {
			isa = PBXFileSystemSynchronizedRootGroup;
			exceptions = (
				3ACC5A202F7B075C00D53553 /* Exceptions for "Shared" folder in "WaitDesk-guests" target */,
			);
			path = Shared;
			sourceTree = "<group>";
		};
		3AD3EC442F787115000DA017 /* WaitDesk-guests */ = {
			isa = PBXFileSystemSynchronizedRootGroup;
			exceptions = (
				3A77B9692F7D53AB00DB9587 /* Exceptions for "WaitDesk-guests" folder in "WaitDesk-guests" target */,
			);
			path = "WaitDesk-guests";
			sourceTree = "<group>";
		};
		3AD3EC552F787162000DA017 /* WaitDesk-clip */ = {
			isa = PBXFileSystemSynchronizedRootGroup;
			exceptions = (
				3AD3EC612F787163000DA017 /* Exceptions for "WaitDesk-clip" folder in "WaitDesk-clip" target */,
			);
			path = "WaitDesk-clip";
			sourceTree = "<group>";
		};
/* End PBXFileSystemSynchronizedRootGroup section */

/* Begin PBXFrameworksBuildPhase section */
		3AD3EC3F2F787115000DA017 /* Frameworks */ = {
			isa = PBXFrameworksBuildPhase;
			buildActionMask = 2147483647;
			files = (
				3AFC23012F7C7027001581D1 /* FirebaseMessaging in Frameworks */,
				3AD3EC6B2F787164000DA017 /* Supabase in Frameworks */,
				3AFC22FF2F7C701B001581D1 /* FirebaseCore in Frameworks */,
				3AD3EC6C2F787164000DA017 /* Auth in Frameworks */,
			);
			runOnlyForDeploymentPostprocessing = 0;
		};
		3AD3EC512F787162000DA017 /* Frameworks */ = {
			isa = PBXFrameworksBuildPhase;
			buildActionMask = 2147483647;
			files = (
				3AFC22FD2F7C6FFF001581D1 /* FirebaseMessaging in Frameworks */,
				3AD3EC692F787164000DA017 /* Supabase in Frameworks */,
				3AFC22FB2F7C6FF6001581D1 /* FirebaseCore in Frameworks */,
				3AD3EC6A2F787164000DA017 /* Auth in Frameworks */,
			);
			runOnlyForDeploymentPostprocessing = 0;
		};
/* End PBXFrameworksBuildPhase section */

/* Begin PBXGroup section */
		3AD3EC392F787115000DA017 = {
			isa = PBXGroup;
			children = (
				3ACC5A1E2F7B06D600D53553 /* Shared */,
				3AD3EC442F787115000DA017 /* WaitDesk-guests */,
				3AD3EC552F787162000DA017 /* WaitDesk-clip */,
				3AFC22F92F7C6FF6001581D1 /* Frameworks */,
				3AD3EC432F787115000DA017 /* Products */,
			);
			sourceTree = "<group>";
		};
		3AD3EC432F787115000DA017 /* Products */ = {
			isa = PBXGroup;
			children = (
				3AD3EC422F787115000DA017 /* WaitDesk-guests.app */,
				3AD3EC542F787162000DA017 /* WaitDesk-clip.app */,
			);
			name = Products;
			sourceTree = "<group>";
		};
		3AFC22F92F7C6FF6001581D1 /* Frameworks */ = {
			isa = PBXGroup;
			children = (
			);
			name = Frameworks;
			sourceTree = "<group>";
		};
/* End PBXGroup section */

/* Begin PBXNativeTarget section */
		3AD3EC412F787115000DA017 /* WaitDesk-guests */ = {
			isa = PBXNativeTarget;
			buildConfigurationList = 3AD3EC4D2F787116000DA017 /* Build configuration list for PBXNativeTarget "WaitDesk-guests" */;
			buildPhases = (
				3AD3EC3E2F787115000DA017 /* Sources */,
				3AD3EC3F2F787115000DA017 /* Frameworks */,
				3AD3EC402F787115000DA017 /* Resources */,
				3AD3EC652F787163000DA017 /* Embed App Clips */,
			);
			buildRules = (
			);
			dependencies = (
				3AD3EC5F2F787163000DA017 /* PBXTargetDependency */,
			);
			fileSystemSynchronizedGroups = (
				3AD3EC442F787115000DA017 /* WaitDesk-guests */,
			);
			name = "WaitDesk-guests";
			packageProductDependencies = (
				3AD3EC6D2F787164000DA017 /* Supabase */,
				3AD3EC6E2F787164000DA017 /* Auth */,
				3AFC22FE2F7C701B001581D1 /* FirebaseCore */,
				3AFC23002F7C7027001581D1 /* FirebaseMessaging */,
			);
			productName = "WaitDesk-guests";
			productReference = 3AD3EC422F787115000DA017 /* WaitDesk-guests.app */;
			productType = "com.apple.product-type.application";
		};
		3AD3EC532F787162000DA017 /* WaitDesk-clip */ = {
			isa = PBXNativeTarget;
			buildConfigurationList = 3AD3EC622F787163000DA017 /* Build configuration list for PBXNativeTarget "WaitDesk-clip" */;
			buildPhases = (
				3AD3EC502F787162000DA017 /* Sources */,
				3AD3EC512F787162000DA017 /* Frameworks */,
				3AD3EC522F787162000DA017 /* Resources */,
			);
			buildRules = (
			);
			dependencies = (
			);
			fileSystemSynchronizedGroups = (
				3ACC5A1E2F7B06D600D53553 /* Shared */,
				3AD3EC552F787162000DA017 /* WaitDesk-clip */,
			);
			name = "WaitDesk-clip";
			packageProductDependencies = (
				3AD3EC672F787164000DA017 /* Supabase */,
				3AD3EC682F787164000DA017 /* Auth */,
				3AFC22FA2F7C6FF6001581D1 /* FirebaseCore */,
				3AFC22FC2F7C6FFF001581D1 /* FirebaseMessaging */,
			);
			productName = "WaitDesk-clip";
			productReference = 3AD3EC542F787162000DA017 /* WaitDesk-clip.app */;
			productType = "com.apple.product-type.application.on-demand-install-capable";
		};
/* End PBXNativeTarget section */

/* Begin PBXProject section */
		3AD3EC3A2F787115000DA017 /* Project object */ = {
			isa = PBXProject;
			attributes = {
				BuildIndependentTargetsInParallel = 1;
				LastSwiftUpdateCheck = 2640;
				LastUpgradeCheck = 2640;
				TargetAttributes = {
					3AD3EC412F787115000DA017 = {
						CreatedOnToolsVersion = 26.4;
					};
					3AD3EC532F787162000DA017 = {
						CreatedOnToolsVersion = 26.4;
					};
				};
			};
			buildConfigurationList = 3AD3EC3D2F787115000DA017 /* Build configuration list for PBXProject "WaitDesk-guests" */;
			developmentRegion = en;
			hasScannedForEncodings = 0;
			knownRegions = (
				en,
				Base,
			);
			mainGroup = 3AD3EC392F787115000DA017;
			minimizedProjectReferenceProxies = 1;
			packageReferences = (
				3AD3EC662F787164000DA017 /* XCRemoteSwiftPackageReference "supabase-swift" */,
				3AFC22F82F7C6FD2001581D1 /* XCRemoteSwiftPackageReference "firebase-ios-sdk" */,
			);
			preferredProjectObjectVersion = 77;
			productRefGroup = 3AD3EC432F787115000DA017 /* Products */;
			projectDirPath = "";
			projectRoot = "";
			targets = (
				3AD3EC412F787115000DA017 /* WaitDesk-guests */,
				3AD3EC532F787162000DA017 /* WaitDesk-clip */,
			);
		};
/* End PBXProject section */

/* Begin PBXResourcesBuildPhase section */
		3AD3EC402F787115000DA017 /* Resources */ = {
			isa = PBXResourcesBuildPhase;
			buildActionMask = 2147483647;
			files = (
			);
			runOnlyForDeploymentPostprocessing = 0;
		};
		3AD3EC522F787162000DA017 /* Resources */ = {
			isa = PBXResourcesBuildPhase;
			buildActionMask = 2147483647;
			files = (
			);
			runOnlyForDeploymentPostprocessing = 0;
		};
/* End PBXResourcesBuildPhase section */

/* Begin PBXSourcesBuildPhase section */
		3AD3EC3E2F787115000DA017 /* Sources */ = {
			isa = PBXSourcesBuildPhase;
			buildActionMask = 2147483647;
			files = (
			);
			runOnlyForDeploymentPostprocessing = 0;
		};
		3AD3EC502F787162000DA017 /* Sources */ = {
			isa = PBXSourcesBuildPhase;
			buildActionMask = 2147483647;
			files = (
			);
			runOnlyForDeploymentPostprocessing = 0;
		};
/* End PBXSourcesBuildPhase section */

/* Begin PBXTargetDependency section */
		3AD3EC5F2F787163000DA017 /* PBXTargetDependency */ = {
			isa = PBXTargetDependency;
			target = 3AD3EC532F787162000DA017 /* WaitDesk-clip */;
			targetProxy = 3AD3EC5E2F787163000DA017 /* PBXContainerItemProxy */;
		};
/* End PBXTargetDependency section */

/* Begin XCBuildConfiguration section */
		3AD3EC4B2F787116000DA017 /* Debug */ = {
			isa = XCBuildConfiguration;
			buildSettings = {
				ALWAYS_SEARCH_USER_PATHS = NO;
				ASSETCATALOG_COMPILER_GENERATE_SWIFT_ASSET_SYMBOL_EXTENSIONS = YES;
				CLANG_ANALYZER_NONNULL = YES;
				CLANG_ANALYZER_NUMBER_OBJECT_CONVERSION = YES_AGGRESSIVE;
				CLANG_CXX_LANGUAGE_STANDARD = "gnu++20";
				CLANG_ENABLE_MODULES = YES;
				CLANG_ENABLE_OBJC_ARC = YES;
				CLANG_ENABLE_OBJC_WEAK = YES;
				CLANG_WARN_BLOCK_CAPTURE_AUTORELEASING = YES;
				CLANG_WARN_BOOL_CONVERSION = YES;
				CLANG_WARN_COMMA = YES;
				CLANG_WARN_CONSTANT_CONVERSION = YES;
				CLANG_WARN_DEPRECATED_OBJC_IMPLEMENTATIONS = YES;
				CLANG_WARN_DIRECT_OBJC_ISA_USAGE = YES_ERROR;
				CLANG_WARN_DOCUMENTATION_COMMENTS = YES;
				CLANG_WARN_EMPTY_BODY = YES;
				CLANG_WARN_ENUM_CONVERSION = YES;
				CLANG_WARN_INFINITE_RECURSION = YES;
				CLANG_WARN_INT_CONVERSION = YES;
				CLANG_WARN_NON_LITERAL_NULL_CONVERSION = YES;
				CLANG_WARN_OBJC_IMPLICIT_RETAIN_SELF = YES;
				CLANG_WARN_OBJC_LITERAL_CONVERSION = YES;
				CLANG_WARN_OBJC_ROOT_CLASS = YES_ERROR;
				CLANG_WARN_QUOTED_INCLUDE_IN_FRAMEWORK_HEADER = YES;
				CLANG_WARN_RANGE_LOOP_ANALYSIS = YES;
				CLANG_WARN_STRICT_PROTOTYPES = YES;
				CLANG_WARN_SUSPICIOUS_MOVE = YES;
				CLANG_WARN_UNGUARDED_AVAILABILITY = YES_AGGRESSIVE;
				CLANG_WARN_UNREACHABLE_CODE = YES;
				CLANG_WARN__DUPLICATE_METHOD_MATCH = YES;
				COPY_PHASE_STRIP = NO;
				DEBUG_INFORMATION_FORMAT = dwarf;
				ENABLE_STRICT_OBJC_MSGSEND = YES;
				ENABLE_TESTABILITY = YES;
				ENABLE_USER_SCRIPT_SANDBOXING = YES;
				GCC_C_LANGUAGE_STANDARD = gnu17;
				GCC_DYNAMIC_NO_PIC = NO;
				GCC_NO_COMMON_BLOCKS = YES;
				GCC_OPTIMIZATION_LEVEL = 0;
				GCC_PREPROCESSOR_DEFINITIONS = (
					"DEBUG=1",
					"$(inherited)",
				);
				GCC_WARN_64_TO_32_BIT_CONVERSION = YES;
				GCC_WARN_ABOUT_RETURN_TYPE = YES_ERROR;
				GCC_WARN_UNDECLARED_SELECTOR = YES;
				GCC_WARN_UNINITIALIZED_AUTOS = YES_AGGRESSIVE;
				GCC_WARN_UNUSED_FUNCTION = YES;
				GCC_WARN_UNUSED_VARIABLE = YES;
				IPHONEOS_DEPLOYMENT_TARGET = 16.6;
				LOCALIZATION_PREFERS_STRING_CATALOGS = YES;
				MTL_ENABLE_DEBUG_INFO = INCLUDE_SOURCE;
				MTL_FAST_MATH = YES;
				ONLY_ACTIVE_ARCH = YES;
				SDKROOT = iphoneos;
				SWIFT_ACTIVE_COMPILATION_CONDITIONS = "DEBUG $(inherited)";
				SWIFT_OPTIMIZATION_LEVEL = "-Onone";
			};
			name = Debug;
		};
		3AD3EC4C2F787116000DA017 /* Release */ = {
			isa = XCBuildConfiguration;
			buildSettings = {
				ALWAYS_SEARCH_USER_PATHS = NO;
				ASSETCATALOG_COMPILER_GENERATE_SWIFT_ASSET_SYMBOL_EXTENSIONS = YES;
				CLANG_ANALYZER_NONNULL = YES;
				CLANG_ANALYZER_NUMBER_OBJECT_CONVERSION = YES_AGGRESSIVE;
				CLANG_CXX_LANGUAGE_STANDARD = "gnu++20";
				CLANG_ENABLE_MODULES = YES;
				CLANG_ENABLE_OBJC_ARC = YES;
				CLANG_ENABLE_OBJC_WEAK = YES;
				CLANG_WARN_BLOCK_CAPTURE_AUTORELEASING = YES;
				CLANG_WARN_BOOL_CONVERSION = YES;
				CLANG_WARN_COMMA = YES;
				CLANG_WARN_CONSTANT_CONVERSION = YES;
				CLANG_WARN_DEPRECATED_OBJC_IMPLEMENTATIONS = YES;
				CLANG_WARN_DIRECT_OBJC_ISA_USAGE = YES_ERROR;
				CLANG_WARN_DOCUMENTATION_COMMENTS = YES;
				CLANG_WARN_EMPTY_BODY = YES;
				CLANG_WARN_ENUM_CONVERSION = YES;
				CLANG_WARN_INFINITE_RECURSION = YES;
				CLANG_WARN_INT_CONVERSION = YES;
				CLANG_WARN_NON_LITERAL_NULL_CONVERSION = YES;
				CLANG_WARN_OBJC_IMPLICIT_RETAIN_SELF = YES;
				CLANG_WARN_OBJC_LITERAL_CONVERSION = YES;
				CLANG_WARN_OBJC_ROOT_CLASS = YES_ERROR;
				CLANG_WARN_QUOTED_INCLUDE_IN_FRAMEWORK_HEADER = YES;
				CLANG_WARN_RANGE_LOOP_ANALYSIS = YES;
				CLANG_WARN_STRICT_PROTOTYPES = YES;
				CLANG_WARN_SUSPICIOUS_MOVE = YES;
				CLANG_WARN_UNGUARDED_AVAILABILITY = YES_AGGRESSIVE;
				CLANG_WARN_UNREACHABLE_CODE = YES;
				CLANG_WARN__DUPLICATE_METHOD_MATCH = YES;
				COPY_PHASE_STRIP = NO;
				DEBUG_INFORMATION_FORMAT = "dwarf-with-dsym";
				ENABLE_NS_ASSERTIONS = NO;
				ENABLE_STRICT_OBJC_MSGSEND = YES;
				ENABLE_USER_SCRIPT_SANDBOXING = YES;
				GCC_C_LANGUAGE_STANDARD = gnu17;
				GCC_NO_COMMON_BLOCKS = YES;
				GCC_WARN_64_TO_32_BIT_CONVERSION = YES;
				GCC_WARN_ABOUT_RETURN_TYPE = YES_ERROR;
				GCC_WARN_UNDECLARED_SELECTOR = YES;
				GCC_WARN_UNINITIALIZED_AUTOS = YES_AGGRESSIVE;
				GCC_WARN_UNUSED_FUNCTION = YES;
				GCC_WARN_UNUSED_VARIABLE = YES;
				IPHONEOS_DEPLOYMENT_TARGET = 16.6;
				LOCALIZATION_PREFERS_STRING_CATALOGS = YES;
				MTL_ENABLE_DEBUG_INFO = NO;
				MTL_FAST_MATH = YES;
				SDKROOT = iphoneos;
				SWIFT_COMPILATION_MODE = wholemodule;
				VALIDATE_PRODUCT = YES;
			};
			name = Release;
		};
		3AD3EC4E2F787116000DA017 /* Debug */ = {
			isa = XCBuildConfiguration;
			buildSettings = {
				ASSETCATALOG_COMPILER_APPICON_NAME = AppIcon;
				ASSETCATALOG_COMPILER_GLOBAL_ACCENT_COLOR_NAME = AccentColor;
				CODE_SIGN_ENTITLEMENTS = "WaitDesk-guests/WaitDesk-guests.entitlements";
				CODE_SIGN_IDENTITY = "Apple Development";
				CODE_SIGN_STYLE = Automatic;
				CURRENT_PROJECT_VERSION = 1;
				DEVELOPMENT_TEAM = 7DU9P2C2YX;
				ENABLE_PREVIEWS = YES;
				GENERATE_INFOPLIST_FILE = YES;
				INFOPLIST_FILE = "WaitDesk-guests/Info.plist";
				INFOPLIST_KEY_UIApplicationSceneManifest_Generation = YES;
				INFOPLIST_KEY_UIApplicationSupportsIndirectInputEvents = YES;
				INFOPLIST_KEY_UILaunchScreen_Generation = YES;
				INFOPLIST_KEY_UISupportedInterfaceOrientations_iPad = "UIInterfaceOrientationPortrait UIInterfaceOrientationPortraitUpsideDown UIInterfaceOrientationLandscapeLeft UIInterfaceOrientationLandscapeRight";
				INFOPLIST_KEY_UISupportedInterfaceOrientations_iPhone = "UIInterfaceOrientationPortrait UIInterfaceOrientationLandscapeLeft UIInterfaceOrientationLandscapeRight";
				IPHONEOS_DEPLOYMENT_TARGET = 16.6;
				LD_RUNPATH_SEARCH_PATHS = (
					"$(inherited)",
					"@executable_path/Frameworks",
				);
				MARKETING_VERSION = 1.0;
				PRODUCT_BUNDLE_IDENTIFIER = "com.getwaitdesk.WaitDesk-guests";
				PRODUCT_NAME = "$(TARGET_NAME)";
				PROVISIONING_PROFILE_SPECIFIER = "";
				STRING_CATALOG_GENERATE_SYMBOLS = YES;
				SWIFT_APPROACHABLE_CONCURRENCY = YES;
				SWIFT_DEFAULT_ACTOR_ISOLATION = MainActor;
				SWIFT_EMIT_LOC_STRINGS = YES;
				SWIFT_UPCOMING_FEATURE_MEMBER_IMPORT_VISIBILITY = YES;
				SWIFT_VERSION = 5.0;
				TARGETED_DEVICE_FAMILY = "1,2";
			};
			name = Debug;
		};
		3AD3EC4F2F787116000DA017 /* Release */ = {
			isa = XCBuildConfiguration;
			buildSettings = {
				ASSETCATALOG_COMPILER_APPICON_NAME = AppIcon;
				ASSETCATALOG_COMPILER_GLOBAL_ACCENT_COLOR_NAME = AccentColor;
				CODE_SIGN_ENTITLEMENTS = "WaitDesk-guests/WaitDesk-guests.entitlements";
				CODE_SIGN_IDENTITY = "Apple Development";
				CODE_SIGN_STYLE = Automatic;
				CURRENT_PROJECT_VERSION = 1;
				DEVELOPMENT_TEAM = 7DU9P2C2YX;
				ENABLE_PREVIEWS = YES;
				GENERATE_INFOPLIST_FILE = YES;
				INFOPLIST_FILE = "WaitDesk-guests/Info.plist";
				INFOPLIST_KEY_UIApplicationSceneManifest_Generation = YES;
				INFOPLIST_KEY_UIApplicationSupportsIndirectInputEvents = YES;
				INFOPLIST_KEY_UILaunchScreen_Generation = YES;
				INFOPLIST_KEY_UISupportedInterfaceOrientations_iPad = "UIInterfaceOrientationPortrait UIInterfaceOrientationPortraitUpsideDown UIInterfaceOrientationLandscapeLeft UIInterfaceOrientationLandscapeRight";
				INFOPLIST_KEY_UISupportedInterfaceOrientations_iPhone = "UIInterfaceOrientationPortrait UIInterfaceOrientationLandscapeLeft UIInterfaceOrientationLandscapeRight";
				IPHONEOS_DEPLOYMENT_TARGET = 16.6;
				LD_RUNPATH_SEARCH_PATHS = (
					"$(inherited)",
					"@executable_path/Frameworks",
				);
				MARKETING_VERSION = 1.0;
				PRODUCT_BUNDLE_IDENTIFIER = "com.getwaitdesk.WaitDesk-guests";
				PRODUCT_NAME = "$(TARGET_NAME)";
				PROVISIONING_PROFILE_SPECIFIER = "";
				STRING_CATALOG_GENERATE_SYMBOLS = YES;
				SWIFT_APPROACHABLE_CONCURRENCY = YES;
				SWIFT_DEFAULT_ACTOR_ISOLATION = MainActor;
				SWIFT_EMIT_LOC_STRINGS = YES;
				SWIFT_UPCOMING_FEATURE_MEMBER_IMPORT_VISIBILITY = YES;
				SWIFT_VERSION = 5.0;
				TARGETED_DEVICE_FAMILY = "1,2";
			};
			name = Release;
		};
		3AD3EC632F787163000DA017 /* Debug */ = {
			isa = XCBuildConfiguration;
			buildSettings = {
				ASSETCATALOG_COMPILER_APPICON_NAME = AppIcon;
				ASSETCATALOG_COMPILER_GLOBAL_ACCENT_COLOR_NAME = AccentColor;
				CODE_SIGN_ENTITLEMENTS = "WaitDesk-clip/WaitDesk_clip.entitlements";
				CODE_SIGN_IDENTITY = "Apple Development";
				CODE_SIGN_STYLE = Automatic;
				CURRENT_PROJECT_VERSION = 1;
				DEVELOPMENT_TEAM = 7DU9P2C2YX;
				ENABLE_PREVIEWS = YES;
				GENERATE_INFOPLIST_FILE = YES;
				INFOPLIST_FILE = "WaitDesk-clip/Info.plist";
				INFOPLIST_KEY_CFBundleDisplayName = "WaitDesk-guests";
				INFOPLIST_KEY_UIApplicationSceneManifest_Generation = YES;
				INFOPLIST_KEY_UIApplicationSupportsIndirectInputEvents = YES;
				INFOPLIST_KEY_UILaunchScreen_Generation = YES;
				INFOPLIST_KEY_UISupportedInterfaceOrientations_iPad = "UIInterfaceOrientationPortrait UIInterfaceOrientationPortraitUpsideDown UIInterfaceOrientationLandscapeLeft UIInterfaceOrientationLandscapeRight";
				INFOPLIST_KEY_UISupportedInterfaceOrientations_iPhone = "UIInterfaceOrientationPortrait UIInterfaceOrientationLandscapeLeft UIInterfaceOrientationLandscapeRight";
				IPHONEOS_DEPLOYMENT_TARGET = 16.6;
				LD_RUNPATH_SEARCH_PATHS = (
					"$(inherited)",
					"@executable_path/Frameworks",
				);
				MARKETING_VERSION = 1.0;
				PRODUCT_BUNDLE_IDENTIFIER = "com.getwaitdesk.WaitDesk-guests.Clip";
				PRODUCT_NAME = "$(TARGET_NAME)";
				PROVISIONING_PROFILE_SPECIFIER = "";
				STRING_CATALOG_GENERATE_SYMBOLS = YES;
				SWIFT_APPROACHABLE_CONCURRENCY = YES;
				SWIFT_DEFAULT_ACTOR_ISOLATION = MainActor;
				SWIFT_EMIT_LOC_STRINGS = YES;
				SWIFT_UPCOMING_FEATURE_MEMBER_IMPORT_VISIBILITY = YES;
				SWIFT_VERSION = 5.0;
				TARGETED_DEVICE_FAMILY = "1,2";
			};
			name = Debug;
		};
		3AD3EC642F787163000DA017 /* Release */ = {
			isa = XCBuildConfiguration;
			buildSettings = {
				ASSETCATALOG_COMPILER_APPICON_NAME = AppIcon;
				ASSETCATALOG_COMPILER_GLOBAL_ACCENT_COLOR_NAME = AccentColor;
				CODE_SIGN_ENTITLEMENTS = "WaitDesk-clip/WaitDesk_clip.entitlements";
				CODE_SIGN_IDENTITY = "Apple Development";
				CODE_SIGN_STYLE = Automatic;
				CURRENT_PROJECT_VERSION = 1;
				DEVELOPMENT_TEAM = 7DU9P2C2YX;
				ENABLE_PREVIEWS = YES;
				GENERATE_INFOPLIST_FILE = YES;
				INFOPLIST_FILE = "WaitDesk-clip/Info.plist";
				INFOPLIST_KEY_CFBundleDisplayName = "WaitDesk-guests";
				INFOPLIST_KEY_UIApplicationSceneManifest_Generation = YES;
				INFOPLIST_KEY_UIApplicationSupportsIndirectInputEvents = YES;
				INFOPLIST_KEY_UILaunchScreen_Generation = YES;
				INFOPLIST_KEY_UISupportedInterfaceOrientations_iPad = "UIInterfaceOrientationPortrait UIInterfaceOrientationPortraitUpsideDown UIInterfaceOrientationLandscapeLeft UIInterfaceOrientationLandscapeRight";
				INFOPLIST_KEY_UISupportedInterfaceOrientations_iPhone = "UIInterfaceOrientationPortrait UIInterfaceOrientationLandscapeLeft UIInterfaceOrientationLandscapeRight";
				IPHONEOS_DEPLOYMENT_TARGET = 16.6;
				LD_RUNPATH_SEARCH_PATHS = (
					"$(inherited)",
					"@executable_path/Frameworks",
				);
				MARKETING_VERSION = 1.0;
				PRODUCT_BUNDLE_IDENTIFIER = "com.getwaitdesk.WaitDesk-guests.Clip";
				PRODUCT_NAME = "$(TARGET_NAME)";
				PROVISIONING_PROFILE_SPECIFIER = "";
				STRING_CATALOG_GENERATE_SYMBOLS = YES;
				SWIFT_APPROACHABLE_CONCURRENCY = YES;
				SWIFT_DEFAULT_ACTOR_ISOLATION = MainActor;
				SWIFT_EMIT_LOC_STRINGS = YES;
				SWIFT_UPCOMING_FEATURE_MEMBER_IMPORT_VISIBILITY = YES;
				SWIFT_VERSION = 5.0;
				TARGETED_DEVICE_FAMILY = "1,2";
			};
			name = Release;
		};
/* End XCBuildConfiguration section */

/* Begin XCConfigurationList section */
		3AD3EC3D2F787115000DA017 /* Build configuration list for PBXProject "WaitDesk-guests" */ = {
			isa = XCConfigurationList;
			buildConfigurations = (
				3AD3EC4B2F787116000DA017 /* Debug */,
				3AD3EC4C2F787116000DA017 /* Release */,
			);
			defaultConfigurationIsVisible = 0;
			defaultConfigurationName = Release;
		};
		3AD3EC4D2F787116000DA017 /* Build configuration list for PBXNativeTarget "WaitDesk-guests" */ = {
			isa = XCConfigurationList;
			buildConfigurations = (
				3AD3EC4E2F787116000DA017 /* Debug */,
				3AD3EC4F2F787116000DA017 /* Release */,
			);
			defaultConfigurationIsVisible = 0;
			defaultConfigurationName = Release;
		};
		3AD3EC622F787163000DA017 /* Build configuration list for PBXNativeTarget "WaitDesk-clip" */ = {
			isa = XCConfigurationList;
			buildConfigurations = (
				3AD3EC632F787163000DA017 /* Debug */,
				3AD3EC642F787163000DA017 /* Release */,
			);
			defaultConfigurationIsVisible = 0;
			defaultConfigurationName = Release;
		};
/* End XCConfigurationList section */

/* Begin XCRemoteSwiftPackageReference section */
		3AD3EC662F787164000DA017 /* XCRemoteSwiftPackageReference "supabase-swift" */ = {
			isa = XCRemoteSwiftPackageReference;
			repositoryURL = "https://github.com/supabase/supabase-swift";
			requirement = {
				kind = upToNextMajorVersion;
				minimumVersion = 2.0.0;
			};
		};
		3AFC22F82F7C6FD2001581D1 /* XCRemoteSwiftPackageReference "firebase-ios-sdk" */ = {
			isa = XCRemoteSwiftPackageReference;
			repositoryURL = "https://github.com/firebase/firebase-ios-sdk";
			requirement = {
				kind = upToNextMajorVersion;
				minimumVersion = 12.11.0;
			};
		};
/* End XCRemoteSwiftPackageReference section */

/* Begin XCSwiftPackageProductDependency section */
		3AD3EC672F787164000DA017 /* Supabase */ = {
			isa = XCSwiftPackageProductDependency;
			package = 3AD3EC662F787164000DA017 /* XCRemoteSwiftPackageReference "supabase-swift" */;
			productName = Supabase;
		};
		3AD3EC682F787164000DA017 /* Auth */ = {
			isa = XCSwiftPackageProductDependency;
			package = 3AD3EC662F787164000DA017 /* XCRemoteSwiftPackageReference "supabase-swift" */;
			productName = Auth;
		};
		3AD3EC6D2F787164000DA017 /* Supabase */ = {
			isa = XCSwiftPackageProductDependency;
			package = 3AD3EC662F787164000DA017 /* XCRemoteSwiftPackageReference "supabase-swift" */;
			productName = Supabase;
		};
		3AD3EC6E2F787164000DA017 /* Auth */ = {
			isa = XCSwiftPackageProductDependency;
			package = 3AD3EC662F787164000DA017 /* XCRemoteSwiftPackageReference "supabase-swift" */;
			productName = Auth;
		};
		3AFC22FA2F7C6FF6001581D1 /* FirebaseCore */ = {
			isa = XCSwiftPackageProductDependency;
			package = 3AFC22F82F7C6FD2001581D1 /* XCRemoteSwiftPackageReference "firebase-ios-sdk" */;
			productName = FirebaseCore;
		};
		3AFC22FC2F7C6FFF001581D1 /* FirebaseMessaging */ = {
			isa = XCSwiftPackageProductDependency;
			package = 3AFC22F82F7C6FD2001581D1 /* XCRemoteSwiftPackageReference "firebase-ios-sdk" */;
			productName = FirebaseMessaging;
		};
		3AFC22FE2F7C701B001581D1 /* FirebaseCore */ = {
			isa = XCSwiftPackageProductDependency;
			package = 3AFC22F82F7C6FD2001581D1 /* XCRemoteSwiftPackageReference "firebase-ios-sdk" */;
			productName = FirebaseCore;
		};
		3AFC23002F7C7027001581D1 /* FirebaseMessaging */ = {
			isa = XCSwiftPackageProductDependency;
			package = 3AFC22F82F7C6FD2001581D1 /* XCRemoteSwiftPackageReference "firebase-ios-sdk" */;
			productName = FirebaseMessaging;
		};
/* End XCSwiftPackageProductDependency section */
	};
	rootObject = 3AD3EC3A2F787115000DA017 /* Project object */;
}
